
Microsoft Visual Studio Solution File, Format Version 12.00
# Visual Studio 15
VisualStudioVersion = 15.0.28307.102
MinimumVisualStudioVersion = 10.0.40219.1
Project("{FAE04EC0-301F-11D3-BF4B-00C04F79EFBC}") = "StaticMap.Net", "StaticMap.Net.csproj", "{8C026235-E3F4-4775-8CAF-A54070B55500}"
EndProject
Project("{FAE04EC0-301F-11D3-BF4B-00C04F79EFBC}") = "StaticMap.App", "..\StaticMap.App\StaticMap.App.csproj", "{5906518C-07DB-4FB4-9983-FE49D41C72EB}"
EndProject
Global
	GlobalSection(SolutionConfigurationPlatforms) = preSolution
		Debug|Any CPU = Debug|Any CPU
		Release|Any CPU = Release|Any CPU
	EndGlobalSection
	GlobalSection(ProjectConfigurationPlatforms) = postSolution
		{8C026235-E3F4-4775-8CAF-A54070B55500}.Debug|Any CPU.ActiveCfg = Debug|Any CPU
		{8C026235-E3F4-4775-8CAF-A54070B55500}.Debug|Any CPU.Build.0 = Debug|Any CPU
		{8C026235-E3F4-4775-8CAF-A54070B55500}.Release|Any CPU.ActiveCfg = Release|Any CPU
		{8C026235-E3F4-4775-8CAF-A54070B55500}.Release|Any CPU.Build.0 = Release|Any CPU
		{5906518C-07DB-4FB4-9983-FE49D41C72EB}.Debug|Any CPU.ActiveCfg = Debug|Any CPU
		{5906518C-07DB-4FB4-9983-FE49D41C72EB}.Debug|Any CPU.Build.0 = Debug|Any CPU
		{5906518C-07DB-4FB4-9983-FE49D41C72EB}.Release|Any CPU.ActiveCfg = Release|Any CPU
		{5906518C-07DB-4FB4-9983-FE49D41C72EB}.Release|Any CPU.Build.0 = Release|Any CPU
	EndGlobalSection
	GlobalSection(SolutionProperties) = preSolution
		HideSolutionNode = FALSE
	EndGlobalSection
	GlobalSection(ExtensibilityGlobals) = postSolution
		SolutionGuid = {C8F4B738-D711-4EA2-9921-FFEB6350842A}
	EndGlobalSection
EndGlobal
